
Microsoft Visual Studio Solution File, Format Version 12.00
# Visual Studio 15
VisualStudioVersion = 15.0.28010.2048
MinimumVisualStudioVersion = 10.0.40219.1
Project("{FAE04EC0-301F-11D3-BF4B-00C04F79EFBC}") = "ParallelTest", "ParallelTest.csproj", "{E9040490-67C1-4AF2-B25F-8A8314085421}"
EndProject
Global
	GlobalSection(SolutionConfigurationPlatforms) = preSolution
		Debug|Any CPU = Debug|Any CPU
		Release|Any CPU = Release|Any CPU
	EndGlobalSection
	GlobalSection(ProjectConfigurationPlatforms) = postSolution
		{E9040490-67C1-4AF2-B25F-8A8314085421}.Debug|Any CPU.ActiveCfg = Debug|Any CPU
		{E9040490-67C1-4AF2-B25F-8A8314085421}.Debug|Any CPU.Build.0 = Debug|Any CPU
		{E9040490-67C1-4AF2-B25F-8A8314085421}.Release|Any CPU.ActiveCfg = Release|Any CPU
		{E9040490-67C1-4AF2-B25F-8A8314085421}.Release|Any CPU.Build.0 = Release|Any CPU
	EndGlobalSection
	GlobalSection(SolutionProperties) = preSolution
		HideSolutionNode = FALSE
	EndGlobalSection
	GlobalSection(ExtensibilityGlobals) = postSolution
		SolutionGuid = {75B7C4D4-ED86-4244-9350-3465376FE853}
	EndGlobalSection
EndGlobal
