
Microsoft Visual Studio Solution File, Format Version 12.00
# Visual Studio 15
VisualStudioVersion = 15.0.28010.2048
MinimumVisualStudioVersion = 10.0.40219.1
Project("{FAE04EC0-301F-11D3-BF4B-00C04F79EFBC}") = "ReflectionTest", "ReflectionTest\ReflectionTest.csproj", "{12998854-F8F3-4076-91E0-3415E4809603}"
EndProject
Project("{FAE04EC0-301F-11D3-BF4B-00C04F79EFBC}") = "AssmblyTest", "AssmblyTest\AssmblyTest.csproj", "{6E514FE7-6E9A-4BB5-92DC-1FE264E4B236}"
EndProject
Project("{FAE04EC0-301F-11D3-BF4B-00C04F79EFBC}") = "MethodInvoke", "MethodInvoke\MethodInvoke.csproj", "{7F61E677-74C6-42DA-B85F-7D1ACFF3FBBF}"
EndProject
Global
	GlobalSection(SolutionConfigurationPlatforms) = preSolution
		Debug|Any CPU = Debug|Any CPU
		Release|Any CPU = Release|Any CPU
	EndGlobalSection
	GlobalSection(ProjectConfigurationPlatforms) = postSolution
		{12998854-F8F3-4076-91E0-3415E4809603}.Debug|Any CPU.ActiveCfg = Debug|Any CPU
		{12998854-F8F3-4076-91E0-3415E4809603}.Debug|Any CPU.Build.0 = Debug|Any CPU
		{12998854-F8F3-4076-91E0-3415E4809603}.Release|Any CPU.ActiveCfg = Release|Any CPU
		{12998854-F8F3-4076-91E0-3415E4809603}.Release|Any CPU.Build.0 = Release|Any CPU
		{6E514FE7-6E9A-4BB5-92DC-1FE264E4B236}.Debug|Any CPU.ActiveCfg = Debug|Any CPU
		{6E514FE7-6E9A-4BB5-92DC-1FE264E4B236}.Debug|Any CPU.Build.0 = Debug|Any CPU
		{6E514FE7-6E9A-4BB5-92DC-1FE264E4B236}.Release|Any CPU.ActiveCfg = Release|Any CPU
		{6E514FE7-6E9A-4BB5-92DC-1FE264E4B236}.Release|Any CPU.Build.0 = Release|Any CPU
		{7F61E677-74C6-42DA-B85F-7D1ACFF3FBBF}.Debug|Any CPU.ActiveCfg = Debug|Any CPU
		{7F61E677-74C6-42DA-B85F-7D1ACFF3FBBF}.Debug|Any CPU.Build.0 = Debug|Any CPU
		{7F61E677-74C6-42DA-B85F-7D1ACFF3FBBF}.Release|Any CPU.ActiveCfg = Release|Any CPU
		{7F61E677-74C6-42DA-B85F-7D1ACFF3FBBF}.Release|Any CPU.Build.0 = Release|Any CPU
	EndGlobalSection
	GlobalSection(SolutionProperties) = preSolution
		HideSolutionNode = FALSE
	EndGlobalSection
	GlobalSection(ExtensibilityGlobals) = postSolution
		SolutionGuid = {1C3BC26C-31BE-41FE-8208-C0BA6C5DB0E0}
	EndGlobalSection
EndGlobal
