
Microsoft Visual Studio Solution File, Format Version 12.00
# Visual Studio 15
VisualStudioVersion = 15.0.28010.2048
MinimumVisualStudioVersion = 10.0.40219.1
Project("{FAE04EC0-301F-11D3-BF4B-00C04F79EFBC}") = "BkGroundTest", "BkGroundTest\BkGroundTest.csproj", "{89380ACF-47CE-427A-93FB-B1780E4F25D0}"
EndProject
Global
	GlobalSection(SolutionConfigurationPlatforms) = preSolution
		Debug|Any CPU = Debug|Any CPU
		Release|Any CPU = Release|Any CPU
	EndGlobalSection
	GlobalSection(ProjectConfigurationPlatforms) = postSolution
		{89380ACF-47CE-427A-93FB-B1780E4F25D0}.Debug|Any CPU.ActiveCfg = Debug|Any CPU
		{89380ACF-47CE-427A-93FB-B1780E4F25D0}.Debug|Any CPU.Build.0 = Debug|Any CPU
		{89380ACF-47CE-427A-93FB-B1780E4F25D0}.Release|Any CPU.ActiveCfg = Release|Any CPU
		{89380ACF-47CE-427A-93FB-B1780E4F25D0}.Release|Any CPU.Build.0 = Release|Any CPU
	EndGlobalSection
	GlobalSection(SolutionProperties) = preSolution
		HideSolutionNode = FALSE
	EndGlobalSection
	GlobalSection(ExtensibilityGlobals) = postSolution
		SolutionGuid = {A30EBDBB-3D2C-410C-AB5F-102C93E28B27}
	EndGlobalSection
EndGlobal
